
Microsoft Visual Studio Solution File, Format Version 12.00
# Visual Studio Version 17
VisualStudioVersion = 17.4.33110.190
MinimumVisualStudioVersion = 10.0.40219.1
Project("{9A19103F-16F7-4668-BE54-9A1E7A4F7556}") = "BsavLibrary", "src\BsavLibrary.csproj", "{1075E616-4548-40B3-AE66-6F54F3FFA7A3}"
EndProject
Project("{FAE04EC0-301F-11D3-BF4B-00C04F79EFBC}") = "Tests", "tests\Tests.csproj", "{7316101F-59CE-4BA4-AB4E-199F80E7031F}"
EndProject
Global
	GlobalSection(SolutionConfigurationPlatforms) = preSolution
		Debug|Any CPU = Debug|Any CPU
		Release|Any CPU = Release|Any CPU
	EndGlobalSection
	GlobalSection(ProjectConfigurationPlatforms) = postSolution
		{1075E616-4548-40B3-AE66-6F54F3FFA7A3}.Debug|Any CPU.ActiveCfg = Debug|Any CPU
		{1075E616-4548-40B3-AE66-6F54F3FFA7A3}.Debug|Any CPU.Build.0 = Debug|Any CPU
		{1075E616-4548-40B3-AE66-6F54F3FFA7A3}.Release|Any CPU.ActiveCfg = Release|Any CPU
		{1075E616-4548-40B3-AE66-6F54F3FFA7A3}.Release|Any CPU.Build.0 = Release|Any CPU
		{7316101F-59CE-4BA4-AB4E-199F80E7031F}.Debug|Any CPU.ActiveCfg = Debug|Any CPU
		{7316101F-59CE-4BA4-AB4E-199F80E7031F}.Debug|Any CPU.Build.0 = Debug|Any CPU
		{7316101F-59CE-4BA4-AB4E-199F80E7031F}.Release|Any CPU.ActiveCfg = Release|Any CPU
		{7316101F-59CE-4BA4-AB4E-199F80E7031F}.Release|Any CPU.Build.0 = Release|Any CPU
	EndGlobalSection
	GlobalSection(SolutionProperties) = preSolution
		HideSolutionNode = FALSE
	EndGlobalSection
	GlobalSection(ExtensibilityGlobals) = postSolution
		SolutionGuid = {DFD1AA65-76E5-4FDE-9013-9520DCAF0576}
	EndGlobalSection
EndGlobal
